
Microsoft Visual Studio Solution File, Format Version 12.00
# Visual Studio Version 16
VisualStudioVersion = 16.0.29306.81
MinimumVisualStudioVersion = 10.0.40219.1
Project("{FAE04EC0-301F-11D3-BF4B-00C04F79EFBC}") = "DVCS", "DVCS\DVCS.csproj", "{CE59C9AD-7EAF-41F8-A90B-B284181B47B3}"
EndProject
Global
	GlobalSection(SolutionConfigurationPlatforms) = preSolution
		Debug|Any CPU = Debug|Any CPU
		Release|Any CPU = Release|Any CPU
	EndGlobalSection
	GlobalSection(ProjectConfigurationPlatforms) = postSolution
		{CE59C9AD-7EAF-41F8-A90B-B284181B47B3}.Debug|Any CPU.ActiveCfg = Debug|Any CPU
		{CE59C9AD-7EAF-41F8-A90B-B284181B47B3}.Debug|Any CPU.Build.0 = Debug|Any CPU
		{CE59C9AD-7EAF-41F8-A90B-B284181B47B3}.Release|Any CPU.ActiveCfg = Release|Any CPU
		{CE59C9AD-7EAF-41F8-A90B-B284181B47B3}.Release|Any CPU.Build.0 = Release|Any CPU
	EndGlobalSection
	GlobalSection(SolutionProperties) = preSolution
		HideSolutionNode = FALSE
	EndGlobalSection
	GlobalSection(ExtensibilityGlobals) = postSolution
		SolutionGuid = {AA71F2B9-E82C-4027-A86E-1E2473651681}
	EndGlobalSection
EndGlobal
